// !$*UTF8*$!
{
	archiveVersion = 1;
	classes = {
	};
	objectVersion = 77;
	objects = {

/* Begin PBXBuildFile section */
		D6FB338E2F3E78090075584A /* LaunchScreen.storyboard in Resources */ = {isa = PBXBuildFile; fileRef = D6FB338D2F3E78090075584A /* LaunchScreen.storyboard */; };
/* End PBXBuildFile section */

/* Begin PBXContainerItemProxy section */
		D61FA3042F28894C00D21213 /* PBXContainerItemProxy */ = {
			isa = PBXContainerItemProxy;
			containerPortal = D61FA2E22F28894B00D21213 /* Project object */;
			proxyType = 1;
			remoteGlobalIDString = D61FA2E92F28894B00D21213;
			remoteInfo = slicenspell;
		};
		D61FA30E2F28894C00D21213 /* PBXContainerItemProxy */ = {
			isa = PBXContainerItemProxy;
			containerPortal = D61FA2E22F28894B00D21213 /* Project object */;
			proxyType = 1;
			remoteGlobalIDString = D61FA2E92F28894B00D21213;
			remoteInfo = slicenspell;
		};
		D6C1FEA62F3292280023718F /* PBXContainerItemProxy */ = {
			isa = PBXContainerItemProxy;
			containerPortal = D61FA2E22F28894B00D21213 /* Project object */;
			proxyType = 1;
			remoteGlobalIDString = D6C1FE8E2F3292270023718F;
			remoteInfo = WordRonin;
		};
		D6C1FEB02F3292280023718F /* PBXContainerItemProxy */ = {
			isa = PBXContainerItemProxy;
			containerPortal = D61FA2E22F28894B00D21213 /* Project object */;
			proxyType = 1;
			remoteGlobalIDString = D6C1FE8E2F3292270023718F;
			remoteInfo = WordRonin;
		};
		D6D88A202F3AF7FC0065BD38 /* PBXContainerItemProxy */ = {
			isa = PBXContainerItemProxy;
			containerPortal = D61FA2E22F28894B00D21213 /* Project object */;
			proxyType = 1;
			remoteGlobalIDString = D6C1FE8E2F3292270023718F;
			remoteInfo = WordRonin;
		};
/* End PBXContainerItemProxy section */

/* Begin PBXFileReference section */
		D61FA2EA2F28894B00D21213 /* slicenspell.app */ = {isa = PBXFileReference; explicitFileType = wrapper.application; includeInIndex = 0; path = slicenspell.app; sourceTree = BUILT_PRODUCTS_DIR; };
		D61FA3032F28894C00D21213 /* slicenspellTests.xctest */ = {isa = PBXFileReference; explicitFileType = wrapper.cfbundle; includeInIndex = 0; path = slicenspellTests.xctest; sourceTree = BUILT_PRODUCTS_DIR; };
		D61FA30D2F28894C00D21213 /* slicenspellUITests.xctest */ = {isa = PBXFileReference; explicitFileType = wrapper.cfbundle; includeInIndex = 0; path = slicenspellUITests.xctest; sourceTree = BUILT_PRODUCTS_DIR; };
		D6C1FE8F2F3292270023718F /* WordRonin.app */ = {isa = PBXFileReference; explicitFileType = wrapper.application; includeInIndex = 0; path = WordRonin.app; sourceTree = BUILT_PRODUCTS_DIR; };
		D6C1FEA52F3292270023718F /* WordRoninTests.xctest */ = {isa = PBXFileReference; explicitFileType = wrapper.cfbundle; includeInIndex = 0; path = WordRoninTests.xctest; sourceTree = BUILT_PRODUCTS_DIR; };
		D6C1FEAF2F3292280023718F /* WordRoninUITests.xctest */ = {isa = PBXFileReference; explicitFileType = wrapper.cfbundle; includeInIndex = 0; path = WordRoninUITests.xctest; sourceTree = BUILT_PRODUCTS_DIR; };
		D6FB338D2F3E78090075584A /* LaunchScreen.storyboard */ = {isa = PBXFileReference; lastKnownFileType = file.storyboard; path = LaunchScreen.storyboard; sourceTree = "<group>"; };
/* End PBXFileReference section */

/* Begin PBXFileSystemSynchronizedBuildFileExceptionSet section */
		D6098C982F3BCD19003BC2B9 /* Exceptions for "WordRonin" folder in "slicenspellTests" target */ = {
			isa = PBXFileSystemSynchronizedBuildFileExceptionSet;
			membershipExceptions = (
				clock.caf,
				correct.caf,
				hit_tick.caf,
				menusong.caf,
				njnaruto.otf,
				slicesong.mp3,
				wrong.caf,
			);
			target = D61FA3022F28894C00D21213 /* slicenspellTests */;
		};
		D6098C992F3BCD19003BC2B9 /* Exceptions for "WordRonin" folder in "slicenspellUITests" target */ = {
			isa = PBXFileSystemSynchronizedBuildFileExceptionSet;
			membershipExceptions = (
				clock.caf,
				correct.caf,
				hit_tick.caf,
				menusong.caf,
				njnaruto.otf,
				slicesong.mp3,
				wrong.caf,
			);
			target = D61FA30C2F28894C00D21213 /* slicenspellUITests */;
		};
		D6098C9A2F3BCD19003BC2B9 /* Exceptions for "WordRonin" folder in "WordRonin" target */ = {
			isa = PBXFileSystemSynchronizedBuildFileExceptionSet;
			membershipExceptions = (
				AppSettings.swift,
				AudioManager.swift,
				clock.caf,
				correct.caf,
				"GameScene+Accessibilty.swift",
				hit_tick.caf,
				HomeSettingsView.swift,
				ListeningModeOverlay.swift,
				menusong.caf,
				njnaruto.otf,
				slicesong.mp3,
				wrong.caf,
			);
			target = D6C1FE8E2F3292270023718F /* WordRonin */;
		};
		D6098C9B2F3BCD19003BC2B9 /* Exceptions for "WordRonin" folder in "WordRoninTests" target */ = {
			isa = PBXFileSystemSynchronizedBuildFileExceptionSet;
			membershipExceptions = (
				clock.caf,
				correct.caf,
				hit_tick.caf,
				menusong.caf,
				njnaruto.otf,
				slicesong.mp3,
				wrong.caf,
			);
			target = D6C1FEA42F3292270023718F /* WordRoninTests */;
		};
		D6098C9C2F3BCD19003BC2B9 /* Exceptions for "WordRonin" folder in "WordRoninUITests" target */ = {
			isa = PBXFileSystemSynchronizedBuildFileExceptionSet;
			membershipExceptions = (
				clock.caf,
				correct.caf,
				hit_tick.caf,
				menusong.caf,
				njnaruto.otf,
				slicesong.mp3,
				wrong.caf,
			);
			target = D6C1FEAE2F3292280023718F /* WordRoninUITests */;
		};
/* End PBXFileSystemSynchronizedBuildFileExceptionSet section */

/* Begin PBXFileSystemSynchronizedRootGroup section */
		D61FA2EC2F28894B00D21213 /* WordRonin */ = {
			isa = PBXFileSystemSynchronizedRootGroup;
			exceptions = (
				D6098C982F3BCD19003BC2B9 /* Exceptions for "WordRonin" folder in "slicenspellTests" target */,
				D6098C992F3BCD19003BC2B9 /* Exceptions for "WordRonin" folder in "slicenspellUITests" target */,
				D6098C9A2F3BCD19003BC2B9 /* Exceptions for "WordRonin" folder in "WordRonin" target */,
				D6098C9B2F3BCD19003BC2B9 /* Exceptions for "WordRonin" folder in "WordRoninTests" target */,
				D6098C9C2F3BCD19003BC2B9 /* Exceptions for "WordRonin" folder in "WordRoninUITests" target */,
			);
			path = WordRonin;
			sourceTree = "<group>";
		};
		D61FA3062F28894C00D21213 /* WordRoninTests */ = {
			isa = PBXFileSystemSynchronizedRootGroup;
			path = WordRoninTests;
			sourceTree = "<group>";
		};
		D61FA3102F28894C00D21213 /* WordRoninUITests */ = {
			isa = PBXFileSystemSynchronizedRootGroup;
			path = WordRoninUITests;
			sourceTree = "<group>";
		};
/* End PBXFileSystemSynchronizedRootGroup section */

/* Begin PBXFrameworksBuildPhase section */
		D61FA2E72F28894B00D21213 /* Frameworks */ = {
			isa = PBXFrameworksBuildPhase;
			buildActionMask = 2147483647;
			files = (
			);
			runOnlyForDeploymentPostprocessing = 0;
		};
		D61FA3002F28894C00D21213 /* Frameworks */ = {
			isa = PBXFrameworksBuildPhase;
			buildActionMask = 2147483647;
			files = (
			);
			runOnlyForDeploymentPostprocessing = 0;
		};
		D61FA30A2F28894C00D21213 /* Frameworks */ = {
			isa = PBXFrameworksBuildPhase;
			buildActionMask = 2147483647;
			files = (
			);
			runOnlyForDeploymentPostprocessing = 0;
		};
		D6C1FE8C2F3292270023718F /* Frameworks */ = {
			isa = PBXFrameworksBuildPhase;
			buildActionMask = 2147483647;
			files = (
			);
			runOnlyForDeploymentPostprocessing = 0;
		};
		D6C1FEA22F3292270023718F /* Frameworks */ = {
			isa = PBXFrameworksBuildPhase;
			buildActionMask = 2147483647;
			files = (
			);
			runOnlyForDeploymentPostprocessing = 0;
		};
		D6C1FEAC2F3292280023718F /* Frameworks */ = {
			isa = PBXFrameworksBuildPhase;
			buildActionMask = 2147483647;
			files = (
			);
			runOnlyForDeploymentPostprocessing = 0;
		};
/* End PBXFrameworksBuildPhase section */

/* Begin PBXGroup section */
		D61FA2E12F28894B00D21213 = {
			isa = PBXGroup;
			children = (
				D6FB338D2F3E78090075584A /* LaunchScreen.storyboard */,
				D61FA2EC2F28894B00D21213 /* WordRonin */,
				D61FA3062F28894C00D21213 /* WordRoninTests */,
				D61FA3102F28894C00D21213 /* WordRoninUITests */,
				D61FA2EB2F28894B00D21213 /* Products */,
			);
			sourceTree = "<group>";
		};
		D61FA2EB2F28894B00D21213 /* Products */ = {
			isa = PBXGroup;
			children = (
				D61FA2EA2F28894B00D21213 /* slicenspell.app */,
				D61FA3032F28894C00D21213 /* slicenspellTests.xctest */,
				D61FA30D2F28894C00D21213 /* slicenspellUITests.xctest */,
				D6C1FE8F2F3292270023718F /* WordRonin.app */,
				D6C1FEA52F3292270023718F /* WordRoninTests.xctest */,
				D6C1FEAF2F3292280023718F /* WordRoninUITests.xctest */,
			);
			name = Products;
			sourceTree = "<group>";
		};
/* End PBXGroup section */

/* Begin PBXNativeTarget section */
		D61FA2E92F28894B00D21213 /* slicenspell */ = {
			isa = PBXNativeTarget;
			buildConfigurationList = D61FA3172F28894C00D21213 /* Build configuration list for PBXNativeTarget "slicenspell" */;
			buildPhases = (
				D61FA2E62F28894B00D21213 /* Sources */,
				D61FA2E72F28894B00D21213 /* Frameworks */,
				D61FA2E82F28894B00D21213 /* Resources */,
			);
			buildRules = (
			);
			dependencies = (
			);
			fileSystemSynchronizedGroups = (
				D61FA2EC2F28894B00D21213 /* WordRonin */,
			);
			name = slicenspell;
			packageProductDependencies = (
			);
			productName = slicenspell;
			productReference = D61FA2EA2F28894B00D21213 /* slicenspell.app */;
			productType = "com.apple.product-type.application";
		};
		D61FA3022F28894C00D21213 /* slicenspellTests */ = {
			isa = PBXNativeTarget;
			buildConfigurationList = D61FA31A2F28894C00D21213 /* Build configuration list for PBXNativeTarget "slicenspellTests" */;
			buildPhases = (
				D61FA2FF2F28894C00D21213 /* Sources */,
				D61FA3002F28894C00D21213 /* Frameworks */,
				D61FA3012F28894C00D21213 /* Resources */,
			);
			buildRules = (
			);
			dependencies = (
				D61FA3052F28894C00D21213 /* PBXTargetDependency */,
				D6D88A212F3AF7FC0065BD38 /* PBXTargetDependency */,
			);
			fileSystemSynchronizedGroups = (
				D61FA3062F28894C00D21213 /* WordRoninTests */,
			);
			name = slicenspellTests;
			packageProductDependencies = (
			);
			productName = slicenspellTests;
			productReference = D61FA3032F28894C00D21213 /* slicenspellTests.xctest */;
			productType = "com.apple.product-type.bundle.unit-test";
		};
		D61FA30C2F28894C00D21213 /* slicenspellUITests */ = {
			isa = PBXNativeTarget;
			buildConfigurationList = D61FA31D2F28894C00D21213 /* Build configuration list for PBXNativeTarget "slicenspellUITests" */;
			buildPhases = (
				D61FA3092F28894C00D21213 /* Sources */,
				D61FA30A2F28894C00D21213 /* Frameworks */,
				D61FA30B2F28894C00D21213 /* Resources */,
			);
			buildRules = (
			);
			dependencies = (
				D61FA30F2F28894C00D21213 /* PBXTargetDependency */,
			);
			fileSystemSynchronizedGroups = (
				D61FA3102F28894C00D21213 /* WordRoninUITests */,
			);
			name = slicenspellUITests;
			packageProductDependencies = (
			);
			productName = slicenspellUITests;
			productReference = D61FA30D2F28894C00D21213 /* slicenspellUITests.xctest */;
			productType = "com.apple.product-type.bundle.ui-testing";
		};
		D6C1FE8E2F3292270023718F /* WordRonin */ = {
			isa = PBXNativeTarget;
			buildConfigurationList = D6C1FEB72F3292280023718F /* Build configuration list for PBXNativeTarget "WordRonin" */;
			buildPhases = (
				D6C1FE8B2F3292270023718F /* Sources */,
				D6C1FE8C2F3292270023718F /* Frameworks */,
				D6C1FE8D2F3292270023718F /* Resources */,
			);
			buildRules = (
			);
			dependencies = (
			);
			name = WordRonin;
			packageProductDependencies = (
			);
			productName = WordRonin;
			productReference = D6C1FE8F2F3292270023718F /* WordRonin.app */;
			productType = "com.apple.product-type.application";
		};
		D6C1FEA42F3292270023718F /* WordRoninTests */ = {
			isa = PBXNativeTarget;
			buildConfigurationList = D6C1FEBA2F3292280023718F /* Build configuration list for PBXNativeTarget "WordRoninTests" */;
			buildPhases = (
				D6C1FEA12F3292270023718F /* Sources */,
				D6C1FEA22F3292270023718F /* Frameworks */,
				D6C1FEA32F3292270023718F /* Resources */,
			);
			buildRules = (
			);
			dependencies = (
				D6C1FEA72F3292280023718F /* PBXTargetDependency */,
			);
			name = WordRoninTests;
			packageProductDependencies = (
			);
			productName = WordRoninTests;
			productReference = D6C1FEA52F3292270023718F /* WordRoninTests.xctest */;
			productType = "com.apple.product-type.bundle.unit-test";
		};
		D6C1FEAE2F3292280023718F /* WordRoninUITests */ = {
			isa = PBXNativeTarget;
			buildConfigurationList = D6C1FEBD2F3292280023718F /* Build configuration list for PBXNativeTarget "WordRoninUITests" */;
			buildPhases = (
				D6C1FEAB2F3292280023718F /* Sources */,
				D6C1FEAC2F3292280023718F /* Frameworks */,
				D6C1FEAD2F3292280023718F /* Resources */,
			);
			buildRules = (
			);
			dependencies = (
				D6C1FEB12F3292280023718F /* PBXTargetDependency */,
			);
			name = WordRoninUITests;
			packageProductDependencies = (
			);
			productName = WordRoninUITests;
			productReference = D6C1FEAF2F3292280023718F /* WordRoninUITests.xctest */;
			productType = "com.apple.product-type.bundle.ui-testing";
		};
/* End PBXNativeTarget section */

/* Begin PBXProject section */
		D61FA2E22F28894B00D21213 /* Project object */ = {
			isa = PBXProject;
			attributes = {
				BuildIndependentTargetsInParallel = 1;
				LastSwiftUpdateCheck = 2600;
				LastUpgradeCheck = 2600;
				TargetAttributes = {
					D61FA2E92F28894B00D21213 = {
						CreatedOnToolsVersion = 26.0.1;
					};
					D61FA3022F28894C00D21213 = {
						CreatedOnToolsVersion = 26.0.1;
						TestTargetID = D61FA2E92F28894B00D21213;
					};
					D61FA30C2F28894C00D21213 = {
						CreatedOnToolsVersion = 26.0.1;
						TestTargetID = D61FA2E92F28894B00D21213;
					};
					D6C1FE8E2F3292270023718F = {
						CreatedOnToolsVersion = 26.0.1;
						LastSwiftMigration = 2600;
					};
					D6C1FEA42F3292270023718F = {
						CreatedOnToolsVersion = 26.0.1;
						TestTargetID = D6C1FE8E2F3292270023718F;
					};
					D6C1FEAE2F3292280023718F = {
						CreatedOnToolsVersion = 26.0.1;
						TestTargetID = D6C1FE8E2F3292270023718F;
					};
				};
			};
			buildConfigurationList = D61FA2E52F28894B00D21213 /* Build configuration list for PBXProject "WordRonin" */;
			developmentRegion = en;
			hasScannedForEncodings = 0;
			knownRegions = (
				en,
				Base,
			);
			mainGroup = D61FA2E12F28894B00D21213;
			minimizedProjectReferenceProxies = 1;
			preferredProjectObjectVersion = 77;
			productRefGroup = D61FA2EB2F28894B00D21213 /* Products */;
			projectDirPath = "";
			projectRoot = "";
			targets = (
				D61FA2E92F28894B00D21213 /* slicenspell */,
				D61FA3022F28894C00D21213 /* slicenspellTests */,
				D61FA30C2F28894C00D21213 /* slicenspellUITests */,
				D6C1FE8E2F3292270023718F /* WordRonin */,
				D6C1FEA42F3292270023718F /* WordRoninTests */,
				D6C1FEAE2F3292280023718F /* WordRoninUITests */,
			);
		};
/* End PBXProject section */

/* Begin PBXResourcesBuildPhase section */
		D61FA2E82F28894B00D21213 /* Resources */ = {
			isa = PBXResourcesBuildPhase;
			buildActionMask = 2147483647;
			files = (
				D6FB338E2F3E78090075584A /* LaunchScreen.storyboard in Resources */,
			);
			runOnlyForDeploymentPostprocessing = 0;
		};
		D61FA3012F28894C00D21213 /* Resources */ = {
			isa = PBXResourcesBuildPhase;
			buildActionMask = 2147483647;
			files = (
			);
			runOnlyForDeploymentPostprocessing = 0;
		};
		D61FA30B2F28894C00D21213 /* Resources */ = {
			isa = PBXResourcesBuildPhase;
			buildActionMask = 2147483647;
			files = (
			);
			runOnlyForDeploymentPostprocessing = 0;
		};
		D6C1FE8D2F3292270023718F /* Resources */ = {
			isa = PBXResourcesBuildPhase;
			buildActionMask = 2147483647;
			files = (
			);
			runOnlyForDeploymentPostprocessing = 0;
		};
		D6C1FEA32F3292270023718F /* Resources */ = {
			isa = PBXResourcesBuildPhase;
			buildActionMask = 2147483647;
			files = (
			);
			runOnlyForDeploymentPostprocessing = 0;
		};
		D6C1FEAD2F3292280023718F /* Resources */ = {
			isa = PBXResourcesBuildPhase;
			buildActionMask = 2147483647;
			files = (
			);
			runOnlyForDeploymentPostprocessing = 0;
		};
/* End PBXResourcesBuildPhase section */

/* Begin PBXSourcesBuildPhase section */
		D61FA2E62F28894B00D21213 /* Sources */ = {
			isa = PBXSourcesBuildPhase;
			buildActionMask = 2147483647;
			files = (
			);
			runOnlyForDeploymentPostprocessing = 0;
		};
		D61FA2FF2F28894C00D21213 /* Sources */ = {
			isa = PBXSourcesBuildPhase;
			buildActionMask = 2147483647;
			files = (
			);
			runOnlyForDeploymentPostprocessing = 0;
		};
		D61FA3092F28894C00D21213 /* Sources */ = {
			isa = PBXSourcesBuildPhase;
			buildActionMask = 2147483647;
			files = (
			);
			runOnlyForDeploymentPostprocessing = 0;
		};
		D6C1FE8B2F3292270023718F /* Sources */ = {
			isa = PBXSourcesBuildPhase;
			buildActionMask = 2147483647;
			files = (
			);
			runOnlyForDeploymentPostprocessing = 0;
		};
		D6C1FEA12F3292270023718F /* Sources */ = {
			isa = PBXSourcesBuildPhase;
			buildActionMask = 2147483647;
			files = (
			);
			runOnlyForDeploymentPostprocessing = 0;
		};
		D6C1FEAB2F3292280023718F /* Sources */ = {
			isa = PBXSourcesBuildPhase;
			buildActionMask = 2147483647;
			files = (
			);
			runOnlyForDeploymentPostprocessing = 0;
		};
/* End PBXSourcesBuildPhase section */

/* Begin PBXTargetDependency section */
		D61FA3052F28894C00D21213 /* PBXTargetDependency */ = {
			isa = PBXTargetDependency;
			target = D61FA2E92F28894B00D21213 /* slicenspell */;
			targetProxy = D61FA3042F28894C00D21213 /* PBXContainerItemProxy */;
		};
		D61FA30F2F28894C00D21213 /* PBXTargetDependency */ = {
			isa = PBXTargetDependency;
			target = D61FA2E92F28894B00D21213 /* slicenspell */;
			targetProxy = D61FA30E2F28894C00D21213 /* PBXContainerItemProxy */;
		};
		D6C1FEA72F3292280023718F /* PBXTargetDependency */ = {
			isa = PBXTargetDependency;
			target = D6C1FE8E2F3292270023718F /* WordRonin */;
			targetProxy = D6C1FEA62F3292280023718F /* PBXContainerItemProxy */;
		};
		D6C1FEB12F3292280023718F /* PBXTargetDependency */ = {
			isa = PBXTargetDependency;
			target = D6C1FE8E2F3292270023718F /* WordRonin */;
			targetProxy = D6C1FEB02F3292280023718F /* PBXContainerItemProxy */;
		};
		D6D88A212F3AF7FC0065BD38 /* PBXTargetDependency */ = {
			isa = PBXTargetDependency;
			target = D6C1FE8E2F3292270023718F /* WordRonin */;
			targetProxy = D6D88A202F3AF7FC0065BD38 /* PBXContainerItemProxy */;
		};
/* End PBXTargetDependency section */

/* Begin XCBuildConfiguration section */
		D61FA3152F28894C00D21213 /* Debug */ = {
			isa = XCBuildConfiguration;
			buildSettings = {
				ALWAYS_SEARCH_USER_PATHS = NO;
				ASSETCATALOG_COMPILER_GENERATE_SWIFT_ASSET_SYMBOL_EXTENSIONS = YES;
				CLANG_ANALYZER_NONNULL = YES;
				CLANG_ANALYZER_NUMBER_OBJECT_CONVERSION = YES_AGGRESSIVE;
				CLANG_CXX_LANGUAGE_STANDARD = "gnu++20";
				CLANG_ENABLE_MODULES = YES;
				CLANG_ENABLE_OBJC_ARC = YES;
				CLANG_ENABLE_OBJC_WEAK = YES;
				CLANG_WARN_BLOCK_CAPTURE_AUTORELEASING = YES;
				CLANG_WARN_BOOL_CONVERSION = YES;
				CLANG_WARN_COMMA = YES;
				CLANG_WARN_CONSTANT_CONVERSION = YES;
				CLANG_WARN_DEPRECATED_OBJC_IMPLEMENTATIONS = YES;
				CLANG_WARN_DIRECT_OBJC_ISA_USAGE = YES_ERROR;
				CLANG_WARN_DOCUMENTATION_COMMENTS = YES;
				CLANG_WARN_EMPTY_BODY = YES;
				CLANG_WARN_ENUM_CONVERSION = YES;
				CLANG_WARN_INFINITE_RECURSION = YES;
				CLANG_WARN_INT_CONVERSION = YES;
				CLANG_WARN_NON_LITERAL_NULL_CONVERSION = YES;
				CLANG_WARN_OBJC_IMPLICIT_RETAIN_SELF = YES;
				CLANG_WARN_OBJC_LITERAL_CONVERSION = YES;
				CLANG_WARN_OBJC_ROOT_CLASS = YES_ERROR;
				CLANG_WARN_QUOTED_INCLUDE_IN_FRAMEWORK_HEADER = YES;
				CLANG_WARN_RANGE_LOOP_ANALYSIS = YES;
				CLANG_WARN_STRICT_PROTOTYPES = YES;
				CLANG_WARN_SUSPICIOUS_MOVE = YES;
				CLANG_WARN_UNGUARDED_AVAILABILITY = YES_AGGRESSIVE;
				CLANG_WARN_UNREACHABLE_CODE = YES;
				CLANG_WARN__DUPLICATE_METHOD_MATCH = YES;
				COPY_PHASE_STRIP = NO;
				DEBUG_INFORMATION_FORMAT = dwarf;
				DEVELOPMENT_TEAM = JPWVN6YN3B;
				ENABLE_STRICT_OBJC_MSGSEND = YES;
				ENABLE_TESTABILITY = YES;
				ENABLE_USER_SCRIPT_SANDBOXING = YES;
				GCC_C_LANGUAGE_STANDARD = gnu17;
				GCC_DYNAMIC_NO_PIC = NO;
				GCC_NO_COMMON_BLOCKS = YES;
				GCC_OPTIMIZATION_LEVEL = 0;
				GCC_PREPROCESSOR_DEFINITIONS = (
					"DEBUG=1",
					"$(inherited)",
				);
				GCC_WARN_64_TO_32_BIT_CONVERSION = YES;
				GCC_WARN_ABOUT_RETURN_TYPE = YES_ERROR;
				GCC_WARN_UNDECLARED_SELECTOR = YES;
				GCC_WARN_UNINITIALIZED_AUTOS = YES_AGGRESSIVE;
				GCC_WARN_UNUSED_FUNCTION = YES;
				GCC_WARN_UNUSED_VARIABLE = YES;
				INFOPLIST_KEY_UIRequiredDeviceCapabilities = "";
				IPHONEOS_DEPLOYMENT_TARGET = 17.6;
				LOCALIZATION_PREFERS_STRING_CATALOGS = YES;
				MTL_ENABLE_DEBUG_INFO = INCLUDE_SOURCE;
				MTL_FAST_MATH = YES;
				ONLY_ACTIVE_ARCH = YES;
				SDKROOT = iphoneos;
				SWIFT_ACTIVE_COMPILATION_CONDITIONS = "DEBUG $(inherited)";
				SWIFT_OPTIMIZATION_LEVEL = "-Onone";
				TARGETED_DEVICE_FAMILY = 2;
			};
			name = Debug;
		};
		D61FA3162F28894C00D21213 /* Release */ = {
			isa = XCBuildConfiguration;
			buildSettings = {
				ALWAYS_SEARCH_USER_PATHS = NO;
				ASSETCATALOG_COMPILER_GENERATE_SWIFT_ASSET_SYMBOL_EXTENSIONS = YES;
				CLANG_ANALYZER_NONNULL = YES;
				CLANG_ANALYZER_NUMBER_OBJECT_CONVERSION = YES_AGGRESSIVE;
				CLANG_CXX_LANGUAGE_STANDARD = "gnu++20";
				CLANG_ENABLE_MODULES = YES;
				CLANG_ENABLE_OBJC_ARC = YES;
				CLANG_ENABLE_OBJC_WEAK = YES;
				CLANG_WARN_BLOCK_CAPTURE_AUTORELEASING = YES;
				CLANG_WARN_BOOL_CONVERSION = YES;
				CLANG_WARN_COMMA = YES;
				CLANG_WARN_CONSTANT_CONVERSION = YES;
				CLANG_WARN_DEPRECATED_OBJC_IMPLEMENTATIONS = YES;
				CLANG_WARN_DIRECT_OBJC_ISA_USAGE = YES_ERROR;
				CLANG_WARN_DOCUMENTATION_COMMENTS = YES;
				CLANG_WARN_EMPTY_BODY = YES;
				CLANG_WARN_ENUM_CONVERSION = YES;
				CLANG_WARN_INFINITE_RECURSION = YES;
				CLANG_WARN_INT_CONVERSION = YES;
				CLANG_WARN_NON_LITERAL_NULL_CONVERSION = YES;
				CLANG_WARN_OBJC_IMPLICIT_RETAIN_SELF = YES;
				CLANG_WARN_OBJC_LITERAL_CONVERSION = YES;
				CLANG_WARN_OBJC_ROOT_CLASS = YES_ERROR;
				CLANG_WARN_QUOTED_INCLUDE_IN_FRAMEWORK_HEADER = YES;
				CLANG_WARN_RANGE_LOOP_ANALYSIS = YES;
				CLANG_WARN_STRICT_PROTOTYPES = YES;
				CLANG_WARN_SUSPICIOUS_MOVE = YES;
				CLANG_WARN_UNGUARDED_AVAILABILITY = YES_AGGRESSIVE;
				CLANG_WARN_UNREACHABLE_CODE = YES;
				CLANG_WARN__DUPLICATE_METHOD_MATCH = YES;
				COPY_PHASE_STRIP = NO;
				DEBUG_INFORMATION_FORMAT = "dwarf-with-dsym";
				DEVELOPMENT_TEAM = JPWVN6YN3B;
				ENABLE_NS_ASSERTIONS = NO;
				ENABLE_STRICT_OBJC_MSGSEND = YES;
				ENABLE_USER_SCRIPT_SANDBOXING = YES;
				GCC_C_LANGUAGE_STANDARD = gnu17;
				GCC_NO_COMMON_BLOCKS = YES;
				GCC_WARN_64_TO_32_BIT_CONVERSION = YES;
				GCC_WARN_ABOUT_RETURN_TYPE = YES_ERROR;
				GCC_WARN_UNDECLARED_SELECTOR = YES;
				GCC_WARN_UNINITIALIZED_AUTOS = YES_AGGRESSIVE;
				GCC_WARN_UNUSED_FUNCTION = YES;
				GCC_WARN_UNUSED_VARIABLE = YES;
				INFOPLIST_KEY_UIRequiredDeviceCapabilities = "";
				IPHONEOS_DEPLOYMENT_TARGET = 17.6;
				LOCALIZATION_PREFERS_STRING_CATALOGS = YES;
				MTL_ENABLE_DEBUG_INFO = NO;
				MTL_FAST_MATH = YES;
				SDKROOT = iphoneos;
				SWIFT_COMPILATION_MODE = wholemodule;
				TARGETED_DEVICE_FAMILY = 2;
				VALIDATE_PRODUCT = YES;
			};
			name = Release;
		};
		D61FA3182F28894C00D21213 /* Debug */ = {
			isa = XCBuildConfiguration;
			buildSettings = {
				ASSETCATALOG_COMPILER_APPICON_NAME = WordRoninAppIcon;
				ASSETCATALOG_COMPILER_GLOBAL_ACCENT_COLOR_NAME = AccentColor;
				CODE_SIGN_STYLE = Automatic;
				CURRENT_PROJECT_VERSION = 1;
				DEVELOPMENT_TEAM = JPWVN6YN3B;
				GENERATE_INFOPLIST_FILE = YES;
				INFOPLIST_KEY_CFBundleDisplayName = WordRonin;
				INFOPLIST_KEY_LSApplicationCategoryType = "public.app-category.word-games";
				INFOPLIST_KEY_UIApplicationSupportsIndirectInputEvents = YES;
				INFOPLIST_KEY_UILaunchStoryboardName = LaunchScreen;
				INFOPLIST_KEY_UIRequiredDeviceCapabilities = "";
				INFOPLIST_KEY_UIStatusBarHidden = YES;
				INFOPLIST_KEY_UISupportedInterfaceOrientations_iPad = "UIInterfaceOrientationLandscapeLeft UIInterfaceOrientationLandscapeRight UIInterfaceOrientationPortrait UIInterfaceOrientationPortraitUpsideDown";
				IPHONEOS_DEPLOYMENT_TARGET = 18.6;
				LD_RUNPATH_SEARCH_PATHS = (
					"$(inherited)",
					"@executable_path/Frameworks",
				);
				MARKETING_VERSION = 1.1;
				PRODUCT_BUNDLE_IDENTIFIER = alialjahmi.WordRonin;
				PRODUCT_NAME = "$(TARGET_NAME)";
				STRING_CATALOG_GENERATE_SYMBOLS = YES;
				SWIFT_APPROACHABLE_CONCURRENCY = YES;
				SWIFT_DEFAULT_ACTOR_ISOLATION = MainActor;
				SWIFT_EMIT_LOC_STRINGS = YES;
				SWIFT_UPCOMING_FEATURE_MEMBER_IMPORT_VISIBILITY = YES;
				SWIFT_VERSION = 5.0;
				TARGETED_DEVICE_FAMILY = 2;
			};
			name = Debug;
		};
		D61FA3192F28894C00D21213 /* Release */ = {
			isa = XCBuildConfiguration;
			buildSettings = {
				ASSETCATALOG_COMPILER_APPICON_NAME = WordRoninAppIcon;
				ASSETCATALOG_COMPILER_GLOBAL_ACCENT_COLOR_NAME = AccentColor;
				CODE_SIGN_STYLE = Automatic;
				CURRENT_PROJECT_VERSION = 1;
				DEVELOPMENT_TEAM = JPWVN6YN3B;
				GENERATE_INFOPLIST_FILE = YES;
				INFOPLIST_KEY_CFBundleDisplayName = WordRonin;
				INFOPLIST_KEY_LSApplicationCategoryType = "public.app-category.word-games";
				INFOPLIST_KEY_UIApplicationSupportsIndirectInputEvents = YES;
				INFOPLIST_KEY_UILaunchStoryboardName = LaunchScreen;
				INFOPLIST_KEY_UIRequiredDeviceCapabilities = "";
				INFOPLIST_KEY_UIStatusBarHidden = YES;
				INFOPLIST_KEY_UISupportedInterfaceOrientations_iPad = "UIInterfaceOrientationLandscapeLeft UIInterfaceOrientationLandscapeRight UIInterfaceOrientationPortrait UIInterfaceOrientationPortraitUpsideDown";
				IPHONEOS_DEPLOYMENT_TARGET = 18.6;
				LD_RUNPATH_SEARCH_PATHS = (
					"$(inherited)",
					"@executable_path/Frameworks",
				);
				MARKETING_VERSION = 1.1;
				PRODUCT_BUNDLE_IDENTIFIER = alialjahmi.WordRonin;
				PRODUCT_NAME = "$(TARGET_NAME)";
				STRING_CATALOG_GENERATE_SYMBOLS = YES;
				SWIFT_APPROACHABLE_CONCURRENCY = YES;
				SWIFT_DEFAULT_ACTOR_ISOLATION = MainActor;
				SWIFT_EMIT_LOC_STRINGS = YES;
				SWIFT_UPCOMING_FEATURE_MEMBER_IMPORT_VISIBILITY = YES;
				SWIFT_VERSION = 5.0;
				TARGETED_DEVICE_FAMILY = 2;
			};
			name = Release;
		};
		D61FA31B2F28894C00D21213 /* Debug */ = {
			isa = XCBuildConfiguration;
			buildSettings = {
				BUNDLE_LOADER = "$(TEST_HOST)";
				CODE_SIGN_STYLE = Automatic;
				CURRENT_PROJECT_VERSION = 1;
				DEVELOPMENT_TEAM = JPWVN6YN3B;
				GENERATE_INFOPLIST_FILE = YES;
				IPHONEOS_DEPLOYMENT_TARGET = 26.0;
				MARKETING_VERSION = 1.0;
				PRODUCT_BUNDLE_IDENTIFIER = alialjahmi.slicenspellTests;
				PRODUCT_NAME = "$(TARGET_NAME)";
				STRING_CATALOG_GENERATE_SYMBOLS = NO;
				SWIFT_APPROACHABLE_CONCURRENCY = YES;
				SWIFT_EMIT_LOC_STRINGS = NO;
				SWIFT_UPCOMING_FEATURE_MEMBER_IMPORT_VISIBILITY = YES;
				SWIFT_VERSION = 5.0;
				TARGETED_DEVICE_FAMILY = "1,2";
				TEST_HOST = "$(BUILT_PRODUCTS_DIR)/slicenspell.app/$(BUNDLE_EXECUTABLE_FOLDER_PATH)/slicenspell";
			};
			name = Debug;
		};
		D61FA31C2F28894C00D21213 /* Release */ = {
			isa = XCBuildConfiguration;
			buildSettings = {
				BUNDLE_LOADER = "$(TEST_HOST)";
				CODE_SIGN_STYLE = Automatic;
				CURRENT_PROJECT_VERSION = 1;
				DEVELOPMENT_TEAM = JPWVN6YN3B;
				GENERATE_INFOPLIST_FILE = YES;
				IPHONEOS_DEPLOYMENT_TARGET = 26.0;
				MARKETING_VERSION = 1.0;
				PRODUCT_BUNDLE_IDENTIFIER = alialjahmi.slicenspellTests;
				PRODUCT_NAME = "$(TARGET_NAME)";
				STRING_CATALOG_GENERATE_SYMBOLS = NO;
				SWIFT_APPROACHABLE_CONCURRENCY = YES;
				SWIFT_EMIT_LOC_STRINGS = NO;
				SWIFT_UPCOMING_FEATURE_MEMBER_IMPORT_VISIBILITY = YES;
				SWIFT_VERSION = 5.0;
				TARGETED_DEVICE_FAMILY = "1,2";
				TEST_HOST = "$(BUILT_PRODUCTS_DIR)/slicenspell.app/$(BUNDLE_EXECUTABLE_FOLDER_PATH)/slicenspell";
			};
			name = Release;
		};
		D61FA31E2F28894C00D21213 /* Debug */ = {
			isa = XCBuildConfiguration;
			buildSettings = {
				CODE_SIGN_STYLE = Automatic;
				CURRENT_PROJECT_VERSION = 1;
				DEVELOPMENT_TEAM = JPWVN6YN3B;
				GENERATE_INFOPLIST_FILE = YES;
				MARKETING_VERSION = 1.0;
				PRODUCT_BUNDLE_IDENTIFIER = alialjahmi.slicenspellUITests;
				PRODUCT_NAME = "$(TARGET_NAME)";
				STRING_CATALOG_GENERATE_SYMBOLS = NO;
				SWIFT_APPROACHABLE_CONCURRENCY = YES;
				SWIFT_EMIT_LOC_STRINGS = NO;
				SWIFT_UPCOMING_FEATURE_MEMBER_IMPORT_VISIBILITY = YES;
				SWIFT_VERSION = 5.0;
				TARGETED_DEVICE_FAMILY = "1,2";
				TEST_TARGET_NAME = slicenspell;
			};
			name = Debug;
		};
		D61FA31F2F28894C00D21213 /* Release */ = {
			isa = XCBuildConfiguration;
			buildSettings = {
				CODE_SIGN_STYLE = Automatic;
				CURRENT_PROJECT_VERSION = 1;
				DEVELOPMENT_TEAM = JPWVN6YN3B;
				GENERATE_INFOPLIST_FILE = YES;
				MARKETING_VERSION = 1.0;
				PRODUCT_BUNDLE_IDENTIFIER = alialjahmi.slicenspellUITests;
				PRODUCT_NAME = "$(TARGET_NAME)";
				STRING_CATALOG_GENERATE_SYMBOLS = NO;
				SWIFT_APPROACHABLE_CONCURRENCY = YES;
				SWIFT_EMIT_LOC_STRINGS = NO;
				SWIFT_UPCOMING_FEATURE_MEMBER_IMPORT_VISIBILITY = YES;
				SWIFT_VERSION = 5.0;
				TARGETED_DEVICE_FAMILY = "1,2";
				TEST_TARGET_NAME = slicenspell;
			};
			name = Release;
		};
		D6C1FEB82F3292280023718F /* Debug */ = {
			isa = XCBuildConfiguration;
			buildSettings = {
				ASSETCATALOG_COMPILER_APPICON_NAME = AppIcon;
				ASSETCATALOG_COMPILER_GLOBAL_ACCENT_COLOR_NAME = AccentColor;
				CLANG_ENABLE_MODULES = YES;
				CODE_SIGN_STYLE = Automatic;
				CURRENT_PROJECT_VERSION = 1;
				DEVELOPMENT_TEAM = JPWVN6YN3B;
				GENERATE_INFOPLIST_FILE = YES;
				INFOPLIST_KEY_CFBundleDisplayName = WordRoninBeta;
				INFOPLIST_KEY_LSApplicationCategoryType = "public.app-category.word-games";
				INFOPLIST_KEY_UIApplicationSupportsIndirectInputEvents = YES;
				INFOPLIST_KEY_UILaunchStoryboardName = LaunchScreen;
				INFOPLIST_KEY_UIMainStoryboardFile = Main;
				INFOPLIST_KEY_UIRequiredDeviceCapabilities = "";
				INFOPLIST_KEY_UIStatusBarHidden = YES;
				INFOPLIST_KEY_UISupportedInterfaceOrientations = "UIInterfaceOrientationLandscapeLeft UIInterfaceOrientationLandscapeRight UIInterfaceOrientationPortrait";
				INFOPLIST_KEY_UISupportedInterfaceOrientations_iPad = "UIInterfaceOrientationLandscapeLeft UIInterfaceOrientationLandscapeRight UIInterfaceOrientationPortrait UIInterfaceOrientationPortraitUpsideDown";
				IPHONEOS_DEPLOYMENT_TARGET = 18.6;
				LD_RUNPATH_SEARCH_PATHS = (
					"$(inherited)",
					"@executable_path/Frameworks",
				);
				MARKETING_VERSION = 1.0;
				PRODUCT_BUNDLE_IDENTIFIER = alialjahmi.WordRoninBeta;
				PRODUCT_NAME = "$(TARGET_NAME)";
				STRING_CATALOG_GENERATE_SYMBOLS = YES;
				SWIFT_APPROACHABLE_CONCURRENCY = YES;
				SWIFT_DEFAULT_ACTOR_ISOLATION = MainActor;
				SWIFT_EMIT_LOC_STRINGS = YES;
				SWIFT_OPTIMIZATION_LEVEL = "-Onone";
				SWIFT_UPCOMING_FEATURE_MEMBER_IMPORT_VISIBILITY = YES;
				SWIFT_VERSION = 5.0;
				TARGETED_DEVICE_FAMILY = "1,2";
			};
			name = Debug;
		};
		D6C1FEB92F3292280023718F /* Release */ = {
			isa = XCBuildConfiguration;
			buildSettings = {
				ASSETCATALOG_COMPILER_APPICON_NAME = AppIcon;
				ASSETCATALOG_COMPILER_GLOBAL_ACCENT_COLOR_NAME = AccentColor;
				CLANG_ENABLE_MODULES = YES;
				CODE_SIGN_STYLE = Automatic;
				CURRENT_PROJECT_VERSION = 1;
				DEVELOPMENT_TEAM = JPWVN6YN3B;
				GENERATE_INFOPLIST_FILE = YES;
				INFOPLIST_KEY_CFBundleDisplayName = WordRoninBeta;
				INFOPLIST_KEY_LSApplicationCategoryType = "public.app-category.word-games";
				INFOPLIST_KEY_UIApplicationSupportsIndirectInputEvents = YES;
				INFOPLIST_KEY_UILaunchStoryboardName = LaunchScreen;
				INFOPLIST_KEY_UIMainStoryboardFile = Main;
				INFOPLIST_KEY_UIRequiredDeviceCapabilities = "";
				INFOPLIST_KEY_UIStatusBarHidden = YES;
				INFOPLIST_KEY_UISupportedInterfaceOrientations = "UIInterfaceOrientationLandscapeLeft UIInterfaceOrientationLandscapeRight UIInterfaceOrientationPortrait";
				INFOPLIST_KEY_UISupportedInterfaceOrientations_iPad = "UIInterfaceOrientationLandscapeLeft UIInterfaceOrientationLandscapeRight UIInterfaceOrientationPortrait UIInterfaceOrientationPortraitUpsideDown";
				IPHONEOS_DEPLOYMENT_TARGET = 18.6;
				LD_RUNPATH_SEARCH_PATHS = (
					"$(inherited)",
					"@executable_path/Frameworks",
				);
				MARKETING_VERSION = 1.0;
				PRODUCT_BUNDLE_IDENTIFIER = alialjahmi.WordRoninBeta;
				PRODUCT_NAME = "$(TARGET_NAME)";
				STRING_CATALOG_GENERATE_SYMBOLS = YES;
				SWIFT_APPROACHABLE_CONCURRENCY = YES;
				SWIFT_DEFAULT_ACTOR_ISOLATION = MainActor;
				SWIFT_EMIT_LOC_STRINGS = YES;
				SWIFT_UPCOMING_FEATURE_MEMBER_IMPORT_VISIBILITY = YES;
				SWIFT_VERSION = 5.0;
				TARGETED_DEVICE_FAMILY = "1,2";
			};
			name = Release;
		};
		D6C1FEBB2F3292280023718F /* Debug */ = {
			isa = XCBuildConfiguration;
			buildSettings = {
				BUNDLE_LOADER = "$(TEST_HOST)";
				CODE_SIGN_STYLE = Automatic;
				CURRENT_PROJECT_VERSION = 1;
				DEVELOPMENT_TEAM = JPWVN6YN3B;
				GENERATE_INFOPLIST_FILE = YES;
				IPHONEOS_DEPLOYMENT_TARGET = 26.0;
				MARKETING_VERSION = 1.0;
				PRODUCT_BUNDLE_IDENTIFIER = alialjahmi.WordRoninTests;
				PRODUCT_NAME = "$(TARGET_NAME)";
				STRING_CATALOG_GENERATE_SYMBOLS = NO;
				SWIFT_APPROACHABLE_CONCURRENCY = YES;
				SWIFT_EMIT_LOC_STRINGS = NO;
				SWIFT_UPCOMING_FEATURE_MEMBER_IMPORT_VISIBILITY = YES;
				SWIFT_VERSION = 5.0;
				TARGETED_DEVICE_FAMILY = "1,2";
				TEST_HOST = "$(BUILT_PRODUCTS_DIR)/WordRonin.app/$(BUNDLE_EXECUTABLE_FOLDER_PATH)/WordRonin";
			};
			name = Debug;
		};
		D6C1FEBC2F3292280023718F /* Release */ = {
			isa = XCBuildConfiguration;
			buildSettings = {
				BUNDLE_LOADER = "$(TEST_HOST)";
				CODE_SIGN_STYLE = Automatic;
				CURRENT_PROJECT_VERSION = 1;
				DEVELOPMENT_TEAM = JPWVN6YN3B;
				GENERATE_INFOPLIST_FILE = YES;
				IPHONEOS_DEPLOYMENT_TARGET = 26.0;
				MARKETING_VERSION = 1.0;
				PRODUCT_BUNDLE_IDENTIFIER = alialjahmi.WordRoninTests;
				PRODUCT_NAME = "$(TARGET_NAME)";
				STRING_CATALOG_GENERATE_SYMBOLS = NO;
				SWIFT_APPROACHABLE_CONCURRENCY = YES;
				SWIFT_EMIT_LOC_STRINGS = NO;
				SWIFT_UPCOMING_FEATURE_MEMBER_IMPORT_VISIBILITY = YES;
				SWIFT_VERSION = 5.0;
				TARGETED_DEVICE_FAMILY = "1,2";
				TEST_HOST = "$(BUILT_PRODUCTS_DIR)/WordRonin.app/$(BUNDLE_EXECUTABLE_FOLDER_PATH)/WordRonin";
			};
			name = Release;
		};
		D6C1FEBE2F3292280023718F /* Debug */ = {
			isa = XCBuildConfiguration;
			buildSettings = {
				CODE_SIGN_STYLE = Automatic;
				CURRENT_PROJECT_VERSION = 1;
				DEVELOPMENT_TEAM = JPWVN6YN3B;
				GENERATE_INFOPLIST_FILE = YES;
				MARKETING_VERSION = 1.0;
				PRODUCT_BUNDLE_IDENTIFIER = alialjahmi.WordRoninUITests;
				PRODUCT_NAME = "$(TARGET_NAME)";
				STRING_CATALOG_GENERATE_SYMBOLS = NO;
				SWIFT_APPROACHABLE_CONCURRENCY = YES;
				SWIFT_EMIT_LOC_STRINGS = NO;
				SWIFT_UPCOMING_FEATURE_MEMBER_IMPORT_VISIBILITY = YES;
				SWIFT_VERSION = 5.0;
				TARGETED_DEVICE_FAMILY = "1,2";
				TEST_TARGET_NAME = WordRonin;
			};
			name = Debug;
		};
		D6C1FEBF2F3292280023718F /* Release */ = {
			isa = XCBuildConfiguration;
			buildSettings = {
				CODE_SIGN_STYLE = Automatic;
				CURRENT_PROJECT_VERSION = 1;
				DEVELOPMENT_TEAM = JPWVN6YN3B;
				GENERATE_INFOPLIST_FILE = YES;
				MARKETING_VERSION = 1.0;
				PRODUCT_BUNDLE_IDENTIFIER = alialjahmi.WordRoninUITests;
				PRODUCT_NAME = "$(TARGET_NAME)";
				STRING_CATALOG_GENERATE_SYMBOLS = NO;
				SWIFT_APPROACHABLE_CONCURRENCY = YES;
				SWIFT_EMIT_LOC_STRINGS = NO;
				SWIFT_UPCOMING_FEATURE_MEMBER_IMPORT_VISIBILITY = YES;
				SWIFT_VERSION = 5.0;
				TARGETED_DEVICE_FAMILY = "1,2";
				TEST_TARGET_NAME = WordRonin;
			};
			name = Release;
		};
/* End XCBuildConfiguration section */

/* Begin XCConfigurationList section */
		D61FA2E52F28894B00D21213 /* Build configuration list for PBXProject "WordRonin" */ = {
			isa = XCConfigurationList;
			buildConfigurations = (
				D61FA3152F28894C00D21213 /* Debug */,
				D61FA3162F28894C00D21213 /* Release */,
			);
			defaultConfigurationIsVisible = 0;
			defaultConfigurationName = Release;
		};
		D61FA3172F28894C00D21213 /* Build configuration list for PBXNativeTarget "slicenspell" */ = {
			isa = XCConfigurationList;
			buildConfigurations = (
				D61FA3182F28894C00D21213 /* Debug */,
				D61FA3192F28894C00D21213 /* Release */,
			);
			defaultConfigurationIsVisible = 0;
			defaultConfigurationName = Release;
		};
		D61FA31A2F28894C00D21213 /* Build configuration list for PBXNativeTarget "slicenspellTests" */ = {
			isa = XCConfigurationList;
			buildConfigurations = (
				D61FA31B2F28894C00D21213 /* Debug */,
				D61FA31C2F28894C00D21213 /* Release */,
			);
			defaultConfigurationIsVisible = 0;
			defaultConfigurationName = Release;
		};
		D61FA31D2F28894C00D21213 /* Build configuration list for PBXNativeTarget "slicenspellUITests" */ = {
			isa = XCConfigurationList;
			buildConfigurations = (
				D61FA31E2F28894C00D21213 /* Debug */,
				D61FA31F2F28894C00D21213 /* Release */,
			);
			defaultConfigurationIsVisible = 0;
			defaultConfigurationName = Release;
		};
		D6C1FEB72F3292280023718F /* Build configuration list for PBXNativeTarget "WordRonin" */ = {
			isa = XCConfigurationList;
			buildConfigurations = (
				D6C1FEB82F3292280023718F /* Debug */,
				D6C1FEB92F3292280023718F /* Release */,
			);
			defaultConfigurationIsVisible = 0;
			defaultConfigurationName = Release;
		};
		D6C1FEBA2F3292280023718F /* Build configuration list for PBXNativeTarget "WordRoninTests" */ = {
			isa = XCConfigurationList;
			buildConfigurations = (
				D6C1FEBB2F3292280023718F /* Debug */,
				D6C1FEBC2F3292280023718F /* Release */,
			);
			defaultConfigurationIsVisible = 0;
			defaultConfigurationName = Release;
		};
		D6C1FEBD2F3292280023718F /* Build configuration list for PBXNativeTarget "WordRoninUITests" */ = {
			isa = XCConfigurationList;
			buildConfigurations = (
				D6C1FEBE2F3292280023718F /* Debug */,
				D6C1FEBF2F3292280023718F /* Release */,
			);
			defaultConfigurationIsVisible = 0;
			defaultConfigurationName = Release;
		};
/* End XCConfigurationList section */
	};
	rootObject = D61FA2E22F28894B00D21213 /* Project object */;
}
